// !$*UTF8*$!
{
	archiveVersion = 1;
	classes = {
	};
	objectVersion = 46;
	objects = {

/* Begin PBXBuildFile section */
		D233A2541FE0BE8A004C8C7D /* UnInteractivePresentVC.m in Sources */ = {isa = PBXBuildFile; fileRef = D233A2431FE0BE8A004C8C7D /* UnInteractivePresentVC.m */; };
		D233A2551FE0BE8A004C8C7D /* UnInteractivePresentVC.xib in Resources */ = {isa = PBXBuildFile; fileRef = D233A2441FE0BE8A004C8C7D /* UnInteractivePresentVC.xib */; };
		D233A2561FE0BE8A004C8C7D /* UnInteractiveDismissVC.m in Sources */ = {isa = PBXBuildFile; fileRef = D233A2461FE0BE8A004C8C7D /* UnInteractiveDismissVC.m */; };
		D233A2571FE0BE8A004C8C7D /* UnInteractiveDismissVC.xib in Resources */ = {isa = PBXBuildFile; fileRef = D233A2471FE0BE8A004C8C7D /* UnInteractiveDismissVC.xib */; };
		D233A2591FE0BE8A004C8C7D /* UnInteractivePushVC.m in Sources */ = {isa = PBXBuildFile; fileRef = D233A24C1FE0BE8A004C8C7D /* UnInteractivePushVC.m */; };
		D233A25A1FE0BE8A004C8C7D /* UnInteractivePushVC.xib in Resources */ = {isa = PBXBuildFile; fileRef = D233A24D1FE0BE8A004C8C7D /* UnInteractivePushVC.xib */; };
		D233A25B1FE0BE8A004C8C7D /* UnInteractivePopVC.m in Sources */ = {isa = PBXBuildFile; fileRef = D233A24F1FE0BE8A004C8C7D /* UnInteractivePopVC.m */; };
		D233A25C1FE0BE8A004C8C7D /* UnInteractiveTabBarVC.m in Sources */ = {isa = PBXBuildFile; fileRef = D233A2521FE0BE8A004C8C7D /* UnInteractiveTabBarVC.m */; };
		D25E76731FDE6BC200D23D38 /* main.m in Sources */ = {isa = PBXBuildFile; fileRef = D25E76721FDE6BC200D23D38 /* main.m */; };
		D25E76761FDE6BC200D23D38 /* AppDelegate.m in Sources */ = {isa = PBXBuildFile; fileRef = D25E76751FDE6BC200D23D38 /* AppDelegate.m */; };
		D25E767C1FDE6BC200D23D38 /* Main.storyboard in Resources */ = {isa = PBXBuildFile; fileRef = D25E767A1FDE6BC200D23D38 /* Main.storyboard */; };
		D25E767E1FDE6BC200D23D38 /* Assets.xcassets in Resources */ = {isa = PBXBuildFile; fileRef = D25E767D1FDE6BC200D23D38 /* Assets.xcassets */; };
		D25E76811FDE6BC200D23D38 /* LaunchScreen.storyboard in Resources */ = {isa = PBXBuildFile; fileRef = D25E767F1FDE6BC200D23D38 /* LaunchScreen.storyboard */; };
		D25E768C1FDE6BC200D23D38 /* UIViewControllerTransitioningTests.m in Sources */ = {isa = PBXBuildFile; fileRef = D25E768B1FDE6BC200D23D38 /* UIViewControllerTransitioningTests.m */; };
		D25E76971FDE6BC200D23D38 /* UIViewControllerTransitioningUITests.m in Sources */ = {isa = PBXBuildFile; fileRef = D25E76961FDE6BC200D23D38 /* UIViewControllerTransitioningUITests.m */; };
		D25E76C71FDFD2E000D23D38 /* BaseVC.m in Sources */ = {isa = PBXBuildFile; fileRef = D25E76C61FDFD2E000D23D38 /* BaseVC.m */; };
		D2FE6DA51FE253EA001DF378 /* InteractivePushVC.m in Sources */ = {isa = PBXBuildFile; fileRef = D2FE6DA31FE253EA001DF378 /* InteractivePushVC.m */; };
		D2FE6DA61FE253EA001DF378 /* InteractivePushVC.xib in Resources */ = {isa = PBXBuildFile; fileRef = D2FE6DA41FE253EA001DF378 /* InteractivePushVC.xib */; };
		D2FE6DA91FE2543D001DF378 /* InteractivePopVC.m in Sources */ = {isa = PBXBuildFile; fileRef = D2FE6DA81FE2543D001DF378 /* InteractivePopVC.m */; };
		D2FE6DAB1FE272A5001DF378 /* 资料参考图.png in Resources */ = {isa = PBXBuildFile; fileRef = D2FE6DAA1FE272A5001DF378 /* 资料参考图.png */; };
		D2FE6DAE1FE276E2001DF378 /* InteractiveTabBarVC.m in Sources */ = {isa = PBXBuildFile; fileRef = D2FE6DAD1FE276E2001DF378 /* InteractiveTabBarVC.m */; };
		D2FE6FDC1FE504F500D7B1FC /* CustomTransitionAnimation.m in Sources */ = {isa = PBXBuildFile; fileRef = D2FE6FDB1FE504F500D7B1FC /* CustomTransitionAnimation.m */; };
		D2FED01E1FE395A3004F6DB3 /* VCTransitioningDelegate.m in Sources */ = {isa = PBXBuildFile; fileRef = D2FED01D1FE395A3004F6DB3 /* VCTransitioningDelegate.m */; };
		D2FED0221FE39D2B004F6DB3 /* TabBarVCDelegate.m in Sources */ = {isa = PBXBuildFile; fileRef = D2FED0211FE39D2B004F6DB3 /* TabBarVCDelegate.m */; };
		D2FF8ECC1FE0F540003AFADA /* NavControllerDelegate.m in Sources */ = {isa = PBXBuildFile; fileRef = D2FF8ECB1FE0F540003AFADA /* NavControllerDelegate.m */; };
		D2FF8ED01FE10199003AFADA /* InteractivePresentVC.m in Sources */ = {isa = PBXBuildFile; fileRef = D2FF8ECE1FE10199003AFADA /* InteractivePresentVC.m */; };
		D2FF8ED31FE101D6003AFADA /* InteractivePresentVC.xib in Resources */ = {isa = PBXBuildFile; fileRef = D2FF8ED21FE101D6003AFADA /* InteractivePresentVC.xib */; };
		D2FF8ED61FE1025C003AFADA /* InteractiveDismissVC.m in Sources */ = {isa = PBXBuildFile; fileRef = D2FF8ED51FE1025C003AFADA /* InteractiveDismissVC.m */; };
		D2FF8ED81FE10277003AFADA /* InteractiveDismissVC.xib in Resources */ = {isa = PBXBuildFile; fileRef = D2FF8ED71FE10277003AFADA /* InteractiveDismissVC.xib */; };
		D2FF8EDB1FE11991003AFADA /* GestureInteractiveTransition.m in Sources */ = {isa = PBXBuildFile; fileRef = D2FF8EDA1FE11991003AFADA /* GestureInteractiveTransition.m */; };
/* End PBXBuildFile section */

/* Begin PBXContainerItemProxy section */
		D25E76881FDE6BC200D23D38 /* PBXContainerItemProxy */ = {
			isa = PBXContainerItemProxy;
			containerPortal = D25E76661FDE6BC200D23D38 /* Project object */;
			proxyType = 1;
			remoteGlobalIDString = D25E766D1FDE6BC200D23D38;
			remoteInfo = UIViewControllerTransitioning;
		};
		D25E76931FDE6BC200D23D38 /* PBXContainerItemProxy */ = {
			isa = PBXContainerItemProxy;
			containerPortal = D25E76661FDE6BC200D23D38 /* Project object */;
			proxyType = 1;
			remoteGlobalIDString = D25E766D1FDE6BC200D23D38;
			remoteInfo = UIViewControllerTransitioning;
		};
/* End PBXContainerItemProxy section */

/* Begin PBXFileReference section */
		D233A2421FE0BE8A004C8C7D /* UnInteractivePresentVC.h */ = {isa = PBXFileReference; fileEncoding = 4; lastKnownFileType = sourcecode.c.h; path = UnInteractivePresentVC.h; sourceTree = "<group>"; };
		D233A2431FE0BE8A004C8C7D /* UnInteractivePresentVC.m */ = {isa = PBXFileReference; fileEncoding = 4; lastKnownFileType = sourcecode.c.objc; path = UnInteractivePresentVC.m; sourceTree = "<group>"; };
		D233A2441FE0BE8A004C8C7D /* UnInteractivePresentVC.xib */ = {isa = PBXFileReference; fileEncoding = 4; lastKnownFileType = file.xib; path = UnInteractivePresentVC.xib; sourceTree = "<group>"; };
		D233A2451FE0BE8A004C8C7D /* UnInteractiveDismissVC.h */ = {isa = PBXFileReference; fileEncoding = 4; lastKnownFileType = sourcecode.c.h; path = UnInteractiveDismissVC.h; sourceTree = "<group>"; };
		D233A2461FE0BE8A004C8C7D /* UnInteractiveDismissVC.m */ = {isa = PBXFileReference; fileEncoding = 4; lastKnownFileType = sourcecode.c.objc; path = UnInteractiveDismissVC.m; sourceTree = "<group>"; };
		D233A2471FE0BE8A004C8C7D /* UnInteractiveDismissVC.xib */ = {isa = PBXFileReference; fileEncoding = 4; lastKnownFileType = file.xib; path = UnInteractiveDismissVC.xib; sourceTree = "<group>"; };
		D233A24B1FE0BE8A004C8C7D /* UnInteractivePushVC.h */ = {isa = PBXFileReference; fileEncoding = 4; lastKnownFileType = sourcecode.c.h; path = UnInteractivePushVC.h; sourceTree = "<group>"; };
		D233A24C1FE0BE8A004C8C7D /* UnInteractivePushVC.m */ = {isa = PBXFileReference; fileEncoding = 4; lastKnownFileType = sourcecode.c.objc; path = UnInteractivePushVC.m; sourceTree = "<group>"; };
		D233A24D1FE0BE8A004C8C7D /* UnInteractivePushVC.xib */ = {isa = PBXFileReference; fileEncoding = 4; lastKnownFileType = file.xib; path = UnInteractivePushVC.xib; sourceTree = "<group>"; };
		D233A24E1FE0BE8A004C8C7D /* UnInteractivePopVC.h */ = {isa = PBXFileReference; fileEncoding = 4; lastKnownFileType = sourcecode.c.h; path = UnInteractivePopVC.h; sourceTree = "<group>"; };
		D233A24F1FE0BE8A004C8C7D /* UnInteractivePopVC.m */ = {isa = PBXFileReference; fileEncoding = 4; lastKnownFileType = sourcecode.c.objc; path = UnInteractivePopVC.m; sourceTree = "<group>"; };
		D233A2511FE0BE8A004C8C7D /* UnInteractiveTabBarVC.h */ = {isa = PBXFileReference; fileEncoding = 4; lastKnownFileType = sourcecode.c.h; path = UnInteractiveTabBarVC.h; sourceTree = "<group>"; };
		D233A2521FE0BE8A004C8C7D /* UnInteractiveTabBarVC.m */ = {isa = PBXFileReference; fileEncoding = 4; lastKnownFileType = sourcecode.c.objc; path = UnInteractiveTabBarVC.m; sourceTree = "<group>"; };
		D25E766E1FDE6BC200D23D38 /* UIViewControllerTransitioning.app */ = {isa = PBXFileReference; explicitFileType = wrapper.application; includeInIndex = 0; path = UIViewControllerTransitioning.app; sourceTree = BUILT_PRODUCTS_DIR; };
		D25E76721FDE6BC200D23D38 /* main.m */ = {isa = PBXFileReference; lastKnownFileType = sourcecode.c.objc; path = main.m; sourceTree = "<group>"; };
		D25E76741FDE6BC200D23D38 /* AppDelegate.h */ = {isa = PBXFileReference; lastKnownFileType = sourcecode.c.h; path = AppDelegate.h; sourceTree = "<group>"; };
		D25E76751FDE6BC200D23D38 /* AppDelegate.m */ = {isa = PBXFileReference; lastKnownFileType = sourcecode.c.objc; path = AppDelegate.m; sourceTree = "<group>"; };
		D25E767B1FDE6BC200D23D38 /* Base */ = {isa = PBXFileReference; lastKnownFileType = file.storyboard; name = Base; path = Base.lproj/Main.storyboard; sourceTree = "<group>"; };
		D25E767D1FDE6BC200D23D38 /* Assets.xcassets */ = {isa = PBXFileReference; lastKnownFileType = folder.assetcatalog; path = Assets.xcassets; sourceTree = "<group>"; };
		D25E76801FDE6BC200D23D38 /* Base */ = {isa = PBXFileReference; lastKnownFileType = file.storyboard; name = Base; path = Base.lproj/LaunchScreen.storyboard; sourceTree = "<group>"; };
		D25E76821FDE6BC200D23D38 /* Info.plist */ = {isa = PBXFileReference; lastKnownFileType = text.plist.xml; path = Info.plist; sourceTree = "<group>"; };
		D25E76871FDE6BC200D23D38 /* UIViewControllerTransitioningTests.xctest */ = {isa = PBXFileReference; explicitFileType = wrapper.cfbundle; includeInIndex = 0; path = UIViewControllerTransitioningTests.xctest; sourceTree = BUILT_PRODUCTS_DIR; };
		D25E768B1FDE6BC200D23D38 /* UIViewControllerTransitioningTests.m */ = {isa = PBXFileReference; lastKnownFileType = sourcecode.c.objc; path = UIViewControllerTransitioningTests.m; sourceTree = "<group>"; };
		D25E768D1FDE6BC200D23D38 /* Info.plist */ = {isa = PBXFileReference; lastKnownFileType = text.plist.xml; path = Info.plist; sourceTree = "<group>"; };
		D25E76921FDE6BC200D23D38 /* UIViewControllerTransitioningUITests.xctest */ = {isa = PBXFileReference; explicitFileType = wrapper.cfbundle; includeInIndex = 0; path = UIViewControllerTransitioningUITests.xctest; sourceTree = BUILT_PRODUCTS_DIR; };
		D25E76961FDE6BC200D23D38 /* UIViewControllerTransitioningUITests.m */ = {isa = PBXFileReference; lastKnownFileType = sourcecode.c.objc; path = UIViewControllerTransitioningUITests.m; sourceTree = "<group>"; };
		D25E76981FDE6BC200D23D38 /* Info.plist */ = {isa = PBXFileReference; lastKnownFileType = text.plist.xml; path = Info.plist; sourceTree = "<group>"; };
		D25E76C51FDFD2E000D23D38 /* BaseVC.h */ = {isa = PBXFileReference; fileEncoding = 4; lastKnownFileType = sourcecode.c.h; path = BaseVC.h; sourceTree = "<group>"; };
		D25E76C61FDFD2E000D23D38 /* BaseVC.m */ = {isa = PBXFileReference; fileEncoding = 4; lastKnownFileType = sourcecode.c.objc; path = BaseVC.m; sourceTree = "<group>"; };
		D2FE6DA21FE253EA001DF378 /* InteractivePushVC.h */ = {isa = PBXFileReference; fileEncoding = 4; lastKnownFileType = sourcecode.c.h; path = InteractivePushVC.h; sourceTree = "<group>"; };
		D2FE6DA31FE253EA001DF378 /* InteractivePushVC.m */ = {isa = PBXFileReference; fileEncoding = 4; lastKnownFileType = sourcecode.c.objc; path = InteractivePushVC.m; sourceTree = "<group>"; };
		D2FE6DA41FE253EA001DF378 /* InteractivePushVC.xib */ = {isa = PBXFileReference; fileEncoding = 4; lastKnownFileType = file.xib; path = InteractivePushVC.xib; sourceTree = "<group>"; };
		D2FE6DA71FE2543D001DF378 /* InteractivePopVC.h */ = {isa = PBXFileReference; fileEncoding = 4; lastKnownFileType = sourcecode.c.h; path = InteractivePopVC.h; sourceTree = "<group>"; };
		D2FE6DA81FE2543D001DF378 /* InteractivePopVC.m */ = {isa = PBXFileReference; fileEncoding = 4; lastKnownFileType = sourcecode.c.objc; path = InteractivePopVC.m; sourceTree = "<group>"; };
		D2FE6DAA1FE272A5001DF378 /* 资料参考图.png */ = {isa = PBXFileReference; lastKnownFileType = image.png; path = "资料参考图.png"; sourceTree = "<group>"; };
		D2FE6DAC1FE276E2001DF378 /* InteractiveTabBarVC.h */ = {isa = PBXFileReference; fileEncoding = 4; lastKnownFileType = sourcecode.c.h; path = InteractiveTabBarVC.h; sourceTree = "<group>"; };
		D2FE6DAD1FE276E2001DF378 /* InteractiveTabBarVC.m */ = {isa = PBXFileReference; fileEncoding = 4; lastKnownFileType = sourcecode.c.objc; path = InteractiveTabBarVC.m; sourceTree = "<group>"; };
		D2FE6FDA1FE504F500D7B1FC /* CustomTransitionAnimation.h */ = {isa = PBXFileReference; fileEncoding = 4; lastKnownFileType = sourcecode.c.h; path = CustomTransitionAnimation.h; sourceTree = "<group>"; };
		D2FE6FDB1FE504F500D7B1FC /* CustomTransitionAnimation.m */ = {isa = PBXFileReference; fileEncoding = 4; lastKnownFileType = sourcecode.c.objc; path = CustomTransitionAnimation.m; sourceTree = "<group>"; };
		D2FED01C1FE395A3004F6DB3 /* VCTransitioningDelegate.h */ = {isa = PBXFileReference; fileEncoding = 4; lastKnownFileType = sourcecode.c.h; path = VCTransitioningDelegate.h; sourceTree = "<group>"; };
		D2FED01D1FE395A3004F6DB3 /* VCTransitioningDelegate.m */ = {isa = PBXFileReference; fileEncoding = 4; lastKnownFileType = sourcecode.c.objc; path = VCTransitioningDelegate.m; sourceTree = "<group>"; };
		D2FED0201FE39D2B004F6DB3 /* TabBarVCDelegate.h */ = {isa = PBXFileReference; fileEncoding = 4; lastKnownFileType = sourcecode.c.h; path = TabBarVCDelegate.h; sourceTree = "<group>"; };
		D2FED0211FE39D2B004F6DB3 /* TabBarVCDelegate.m */ = {isa = PBXFileReference; fileEncoding = 4; lastKnownFileType = sourcecode.c.objc; path = TabBarVCDelegate.m; sourceTree = "<group>"; };
		D2FF8ECA1FE0F540003AFADA /* NavControllerDelegate.h */ = {isa = PBXFileReference; fileEncoding = 4; lastKnownFileType = sourcecode.c.h; path = NavControllerDelegate.h; sourceTree = "<group>"; };
		D2FF8ECB1FE0F540003AFADA /* NavControllerDelegate.m */ = {isa = PBXFileReference; fileEncoding = 4; lastKnownFileType = sourcecode.c.objc; path = NavControllerDelegate.m; sourceTree = "<group>"; };
		D2FF8ECD1FE10199003AFADA /* InteractivePresentVC.h */ = {isa = PBXFileReference; fileEncoding = 4; lastKnownFileType = sourcecode.c.h; path = InteractivePresentVC.h; sourceTree = "<group>"; };
		D2FF8ECE1FE10199003AFADA /* InteractivePresentVC.m */ = {isa = PBXFileReference; fileEncoding = 4; lastKnownFileType = sourcecode.c.objc; path = InteractivePresentVC.m; sourceTree = "<group>"; };
		D2FF8ED21FE101D6003AFADA /* InteractivePresentVC.xib */ = {isa = PBXFileReference; fileEncoding = 4; lastKnownFileType = file.xib; path = InteractivePresentVC.xib; sourceTree = "<group>"; };
		D2FF8ED41FE1025C003AFADA /* InteractiveDismissVC.h */ = {isa = PBXFileReference; fileEncoding = 4; lastKnownFileType = sourcecode.c.h; path = InteractiveDismissVC.h; sourceTree = "<group>"; };
		D2FF8ED51FE1025C003AFADA /* InteractiveDismissVC.m */ = {isa = PBXFileReference; fileEncoding = 4; lastKnownFileType = sourcecode.c.objc; path = InteractiveDismissVC.m; sourceTree = "<group>"; };
		D2FF8ED71FE10277003AFADA /* InteractiveDismissVC.xib */ = {isa = PBXFileReference; fileEncoding = 4; lastKnownFileType = file.xib; path = InteractiveDismissVC.xib; sourceTree = "<group>"; };
		D2FF8ED91FE11991003AFADA /* GestureInteractiveTransition.h */ = {isa = PBXFileReference; fileEncoding = 4; lastKnownFileType = sourcecode.c.h; name = GestureInteractiveTransition.h; path = "Present&Dismiss/GestureInteractiveTransition.h"; sourceTree = "<group>"; };
		D2FF8EDA1FE11991003AFADA /* GestureInteractiveTransition.m */ = {isa = PBXFileReference; fileEncoding = 4; lastKnownFileType = sourcecode.c.objc; name = GestureInteractiveTransition.m; path = "Present&Dismiss/GestureInteractiveTransition.m"; sourceTree = "<group>"; };
/* End PBXFileReference section */

/* Begin PBXFrameworksBuildPhase section */
		D25E766B1FDE6BC200D23D38 /* Frameworks */ = {
			isa = PBXFrameworksBuildPhase;
			buildActionMask = 2147483647;
			files = (
			);
			runOnlyForDeploymentPostprocessing = 0;
		};
		D25E76841FDE6BC200D23D38 /* Frameworks */ = {
			isa = PBXFrameworksBuildPhase;
			buildActionMask = 2147483647;
			files = (
			);
			runOnlyForDeploymentPostprocessing = 0;
		};
		D25E768F1FDE6BC200D23D38 /* Frameworks */ = {
			isa = PBXFrameworksBuildPhase;
			buildActionMask = 2147483647;
			files = (
			);
			runOnlyForDeploymentPostprocessing = 0;
		};
/* End PBXFrameworksBuildPhase section */

/* Begin PBXGroup section */
		D233A23E1FE0BE8A004C8C7D /* 非交互式转场 */ = {
			isa = PBXGroup;
			children = (
				D233A2411FE0BE8A004C8C7D /* Present&Dismiss */,
				D233A2481FE0BE8A004C8C7D /* Push&Pop */,
				D233A2501FE0BE8A004C8C7D /* UITabBarController */,
			);
			path = "非交互式转场";
			sourceTree = "<group>";
		};
		D233A2411FE0BE8A004C8C7D /* Present&Dismiss */ = {
			isa = PBXGroup;
			children = (
				D233A2421FE0BE8A004C8C7D /* UnInteractivePresentVC.h */,
				D233A2431FE0BE8A004C8C7D /* UnInteractivePresentVC.m */,
				D233A2441FE0BE8A004C8C7D /* UnInteractivePresentVC.xib */,
				D233A2451FE0BE8A004C8C7D /* UnInteractiveDismissVC.h */,
				D233A2461FE0BE8A004C8C7D /* UnInteractiveDismissVC.m */,
				D233A2471FE0BE8A004C8C7D /* UnInteractiveDismissVC.xib */,
				D2FED01B1FE39512004F6DB3 /* 解耦：分离代理对象写法 */,
			);
			path = "Present&Dismiss";
			sourceTree = "<group>";
		};
		D233A2481FE0BE8A004C8C7D /* Push&Pop */ = {
			isa = PBXGroup;
			children = (
				D233A24B1FE0BE8A004C8C7D /* UnInteractivePushVC.h */,
				D233A24C1FE0BE8A004C8C7D /* UnInteractivePushVC.m */,
				D233A24D1FE0BE8A004C8C7D /* UnInteractivePushVC.xib */,
				D233A24E1FE0BE8A004C8C7D /* UnInteractivePopVC.h */,
				D233A24F1FE0BE8A004C8C7D /* UnInteractivePopVC.m */,
				D2FF8EC91FE0F540003AFADA /* 解耦：分离代理对象写法 */,
			);
			path = "Push&Pop";
			sourceTree = "<group>";
		};
		D233A2501FE0BE8A004C8C7D /* UITabBarController */ = {
			isa = PBXGroup;
			children = (
				D233A2511FE0BE8A004C8C7D /* UnInteractiveTabBarVC.h */,
				D233A2521FE0BE8A004C8C7D /* UnInteractiveTabBarVC.m */,
				D2FED01F1FE39D0D004F6DB3 /* 解耦：分离代理对象写法 */,
			);
			path = UITabBarController;
			sourceTree = "<group>";
		};
		D25E76651FDE6BC200D23D38 = {
			isa = PBXGroup;
			children = (
				D25E76701FDE6BC200D23D38 /* UIViewControllerTransitioning */,
				D25E768A1FDE6BC200D23D38 /* UIViewControllerTransitioningTests */,
				D25E76951FDE6BC200D23D38 /* UIViewControllerTransitioningUITests */,
				D25E766F1FDE6BC200D23D38 /* Products */,
			);
			sourceTree = "<group>";
		};
		D25E766F1FDE6BC200D23D38 /* Products */ = {
			isa = PBXGroup;
			children = (
				D25E766E1FDE6BC200D23D38 /* UIViewControllerTransitioning.app */,
				D25E76871FDE6BC200D23D38 /* UIViewControllerTransitioningTests.xctest */,
				D25E76921FDE6BC200D23D38 /* UIViewControllerTransitioningUITests.xctest */,
			);
			name = Products;
			sourceTree = "<group>";
		};
		D25E76701FDE6BC200D23D38 /* UIViewControllerTransitioning */ = {
			isa = PBXGroup;
			children = (
				D2FE6DAA1FE272A5001DF378 /* 资料参考图.png */,
				D25E767A1FDE6BC200D23D38 /* Main.storyboard */,
				D25E76C51FDFD2E000D23D38 /* BaseVC.h */,
				D25E76C61FDFD2E000D23D38 /* BaseVC.m */,
				D2FE6FD91FE504F500D7B1FC /* 动画部分 */,
				D233A23E1FE0BE8A004C8C7D /* 非交互式转场 */,
				D25E76D51FDFD5B100D23D38 /* 交互式转场 */,
				D25E76711FDE6BC200D23D38 /* Supporting Files */,
			);
			path = UIViewControllerTransitioning;
			sourceTree = "<group>";
		};
		D25E76711FDE6BC200D23D38 /* Supporting Files */ = {
			isa = PBXGroup;
			children = (
				D25E76741FDE6BC200D23D38 /* AppDelegate.h */,
				D25E76751FDE6BC200D23D38 /* AppDelegate.m */,
				D25E767D1FDE6BC200D23D38 /* Assets.xcassets */,
				D25E767F1FDE6BC200D23D38 /* LaunchScreen.storyboard */,
				D25E76821FDE6BC200D23D38 /* Info.plist */,
				D25E76721FDE6BC200D23D38 /* main.m */,
			);
			name = "Supporting Files";
			sourceTree = "<group>";
		};
		D25E768A1FDE6BC200D23D38 /* UIViewControllerTransitioningTests */ = {
			isa = PBXGroup;
			children = (
				D25E768B1FDE6BC200D23D38 /* UIViewControllerTransitioningTests.m */,
				D25E768D1FDE6BC200D23D38 /* Info.plist */,
			);
			path = UIViewControllerTransitioningTests;
			sourceTree = "<group>";
		};
		D25E76951FDE6BC200D23D38 /* UIViewControllerTransitioningUITests */ = {
			isa = PBXGroup;
			children = (
				D25E76961FDE6BC200D23D38 /* UIViewControllerTransitioningUITests.m */,
				D25E76981FDE6BC200D23D38 /* Info.plist */,
			);
			path = UIViewControllerTransitioningUITests;
			sourceTree = "<group>";
		};
		D25E76D51FDFD5B100D23D38 /* 交互式转场 */ = {
			isa = PBXGroup;
			children = (
				D2FF8ED91FE11991003AFADA /* GestureInteractiveTransition.h */,
				D2FF8EDA1FE11991003AFADA /* GestureInteractiveTransition.m */,
				D25E76D61FDFD5B100D23D38 /* Present&Dismiss */,
				D25E76D71FDFD5B100D23D38 /* Push&Pop */,
				D25E76D81FDFD5B100D23D38 /* UITabBarController */,
			);
			path = "交互式转场";
			sourceTree = "<group>";
		};
		D25E76D61FDFD5B100D23D38 /* Present&Dismiss */ = {
			isa = PBXGroup;
			children = (
				D2FF8ECD1FE10199003AFADA /* InteractivePresentVC.h */,
				D2FF8ECE1FE10199003AFADA /* InteractivePresentVC.m */,
				D2FF8ED21FE101D6003AFADA /* InteractivePresentVC.xib */,
				D2FF8ED41FE1025C003AFADA /* InteractiveDismissVC.h */,
				D2FF8ED51FE1025C003AFADA /* InteractiveDismissVC.m */,
				D2FF8ED71FE10277003AFADA /* InteractiveDismissVC.xib */,
			);
			path = "Present&Dismiss";
			sourceTree = "<group>";
		};
		D25E76D71FDFD5B100D23D38 /* Push&Pop */ = {
			isa = PBXGroup;
			children = (
				D2FE6DA21FE253EA001DF378 /* InteractivePushVC.h */,
				D2FE6DA31FE253EA001DF378 /* InteractivePushVC.m */,
				D2FE6DA41FE253EA001DF378 /* InteractivePushVC.xib */,
				D2FE6DA71FE2543D001DF378 /* InteractivePopVC.h */,
				D2FE6DA81FE2543D001DF378 /* InteractivePopVC.m */,
			);
			path = "Push&Pop";
			sourceTree = "<group>";
		};
		D25E76D81FDFD5B100D23D38 /* UITabBarController */ = {
			isa = PBXGroup;
			children = (
				D2FE6DAC1FE276E2001DF378 /* InteractiveTabBarVC.h */,
				D2FE6DAD1FE276E2001DF378 /* InteractiveTabBarVC.m */,
			);
			path = UITabBarController;
			sourceTree = "<group>";
		};
		D2FE6FD91FE504F500D7B1FC /* 动画部分 */ = {
			isa = PBXGroup;
			children = (
				D2FE6FDA1FE504F500D7B1FC /* CustomTransitionAnimation.h */,
				D2FE6FDB1FE504F500D7B1FC /* CustomTransitionAnimation.m */,
			);
			path = "动画部分";
			sourceTree = "<group>";
		};
		D2FED01B1FE39512004F6DB3 /* 解耦：分离代理对象写法 */ = {
			isa = PBXGroup;
			children = (
				D2FED01C1FE395A3004F6DB3 /* VCTransitioningDelegate.h */,
				D2FED01D1FE395A3004F6DB3 /* VCTransitioningDelegate.m */,
			);
			path = "解耦：分离代理对象写法";
			sourceTree = "<group>";
		};
		D2FED01F1FE39D0D004F6DB3 /* 解耦：分离代理对象写法 */ = {
			isa = PBXGroup;
			children = (
				D2FED0201FE39D2B004F6DB3 /* TabBarVCDelegate.h */,
				D2FED0211FE39D2B004F6DB3 /* TabBarVCDelegate.m */,
			);
			path = "解耦：分离代理对象写法";
			sourceTree = "<group>";
		};
		D2FF8EC91FE0F540003AFADA /* 解耦：分离代理对象写法 */ = {
			isa = PBXGroup;
			children = (
				D2FF8ECA1FE0F540003AFADA /* NavControllerDelegate.h */,
				D2FF8ECB1FE0F540003AFADA /* NavControllerDelegate.m */,
			);
			name = "解耦：分离代理对象写法";
			path = "分离代理对象写法(其他两种方式也可以这样写)";
			sourceTree = "<group>";
		};
/* End PBXGroup section */

/* Begin PBXNativeTarget section */
		D25E766D1FDE6BC200D23D38 /* UIViewControllerTransitioning */ = {
			isa = PBXNativeTarget;
			buildConfigurationList = D25E769B1FDE6BC200D23D38 /* Build configuration list for PBXNativeTarget "UIViewControllerTransitioning" */;
			buildPhases = (
				D25E766A1FDE6BC200D23D38 /* Sources */,
				D25E766B1FDE6BC200D23D38 /* Frameworks */,
				D25E766C1FDE6BC200D23D38 /* Resources */,
			);
			buildRules = (
			);
			dependencies = (
			);
			name = UIViewControllerTransitioning;
			productName = UIViewControllerTransitioning;
			productReference = D25E766E1FDE6BC200D23D38 /* UIViewControllerTransitioning.app */;
			productType = "com.apple.product-type.application";
		};
		D25E76861FDE6BC200D23D38 /* UIViewControllerTransitioningTests */ = {
			isa = PBXNativeTarget;
			buildConfigurationList = D25E769E1FDE6BC200D23D38 /* Build configuration list for PBXNativeTarget "UIViewControllerTransitioningTests" */;
			buildPhases = (
				D25E76831FDE6BC200D23D38 /* Sources */,
				D25E76841FDE6BC200D23D38 /* Frameworks */,
				D25E76851FDE6BC200D23D38 /* Resources */,
			);
			buildRules = (
			);
			dependencies = (
				D25E76891FDE6BC200D23D38 /* PBXTargetDependency */,
			);
			name = UIViewControllerTransitioningTests;
			productName = UIViewControllerTransitioningTests;
			productReference = D25E76871FDE6BC200D23D38 /* UIViewControllerTransitioningTests.xctest */;
			productType = "com.apple.product-type.bundle.unit-test";
		};
		D25E76911FDE6BC200D23D38 /* UIViewControllerTransitioningUITests */ = {
			isa = PBXNativeTarget;
			buildConfigurationList = D25E76A11FDE6BC200D23D38 /* Build configuration list for PBXNativeTarget "UIViewControllerTransitioningUITests" */;
			buildPhases = (
				D25E768E1FDE6BC200D23D38 /* Sources */,
				D25E768F1FDE6BC200D23D38 /* Frameworks */,
				D25E76901FDE6BC200D23D38 /* Resources */,
			);
			buildRules = (
			);
			dependencies = (
				D25E76941FDE6BC200D23D38 /* PBXTargetDependency */,
			);
			name = UIViewControllerTransitioningUITests;
			productName = UIViewControllerTransitioningUITests;
			productReference = D25E76921FDE6BC200D23D38 /* UIViewControllerTransitioningUITests.xctest */;
			productType = "com.apple.product-type.bundle.ui-testing";
		};
/* End PBXNativeTarget section */

/* Begin PBXProject section */
		D25E76661FDE6BC200D23D38 /* Project object */ = {
			isa = PBXProject;
			attributes = {
				LastUpgradeCheck = 0830;
				ORGANIZATIONNAME = "杜文亮";
				TargetAttributes = {
					D25E766D1FDE6BC200D23D38 = {
						CreatedOnToolsVersion = 8.3.3;
						ProvisioningStyle = Automatic;
					};
					D25E76861FDE6BC200D23D38 = {
						CreatedOnToolsVersion = 8.3.3;
						ProvisioningStyle = Automatic;
						TestTargetID = D25E766D1FDE6BC200D23D38;
					};
					D25E76911FDE6BC200D23D38 = {
						CreatedOnToolsVersion = 8.3.3;
						ProvisioningStyle = Automatic;
						TestTargetID = D25E766D1FDE6BC200D23D38;
					};
				};
			};
			buildConfigurationList = D25E76691FDE6BC200D23D38 /* Build configuration list for PBXProject "UIViewControllerTransitioning" */;
			compatibilityVersion = "Xcode 3.2";
			developmentRegion = English;
			hasScannedForEncodings = 0;
			knownRegions = (
				en,
				Base,
			);
			mainGroup = D25E76651FDE6BC200D23D38;
			productRefGroup = D25E766F1FDE6BC200D23D38 /* Products */;
			projectDirPath = "";
			projectRoot = "";
			targets = (
				D25E766D1FDE6BC200D23D38 /* UIViewControllerTransitioning */,
				D25E76861FDE6BC200D23D38 /* UIViewControllerTransitioningTests */,
				D25E76911FDE6BC200D23D38 /* UIViewControllerTransitioningUITests */,
			);
		};
/* End PBXProject section */

/* Begin PBXResourcesBuildPhase section */
		D25E766C1FDE6BC200D23D38 /* Resources */ = {
			isa = PBXResourcesBuildPhase;
			buildActionMask = 2147483647;
			files = (
				D233A2571FE0BE8A004C8C7D /* UnInteractiveDismissVC.xib in Resources */,
				D2FF8ED31FE101D6003AFADA /* InteractivePresentVC.xib in Resources */,
				D2FE6DAB1FE272A5001DF378 /* 资料参考图.png in Resources */,
				D25E76811FDE6BC200D23D38 /* LaunchScreen.storyboard in Resources */,
				D233A2551FE0BE8A004C8C7D /* UnInteractivePresentVC.xib in Resources */,
				D2FF8ED81FE10277003AFADA /* InteractiveDismissVC.xib in Resources */,
				D2FE6DA61FE253EA001DF378 /* InteractivePushVC.xib in Resources */,
				D233A25A1FE0BE8A004C8C7D /* UnInteractivePushVC.xib in Resources */,
				D25E767E1FDE6BC200D23D38 /* Assets.xcassets in Resources */,
				D25E767C1FDE6BC200D23D38 /* Main.storyboard in Resources */,
			);
			runOnlyForDeploymentPostprocessing = 0;
		};
		D25E76851FDE6BC200D23D38 /* Resources */ = {
			isa = PBXResourcesBuildPhase;
			buildActionMask = 2147483647;
			files = (
			);
			runOnlyForDeploymentPostprocessing = 0;
		};
		D25E76901FDE6BC200D23D38 /* Resources */ = {
			isa = PBXResourcesBuildPhase;
			buildActionMask = 2147483647;
			files = (
			);
			runOnlyForDeploymentPostprocessing = 0;
		};
/* End PBXResourcesBuildPhase section */

/* Begin PBXSourcesBuildPhase section */
		D25E766A1FDE6BC200D23D38 /* Sources */ = {
			isa = PBXSourcesBuildPhase;
			buildActionMask = 2147483647;
			files = (
				D2FE6DAE1FE276E2001DF378 /* InteractiveTabBarVC.m in Sources */,
				D233A2561FE0BE8A004C8C7D /* UnInteractiveDismissVC.m in Sources */,
				D2FF8ED01FE10199003AFADA /* InteractivePresentVC.m in Sources */,
				D2FED0221FE39D2B004F6DB3 /* TabBarVCDelegate.m in Sources */,
				D233A25B1FE0BE8A004C8C7D /* UnInteractivePopVC.m in Sources */,
				D2FE6DA91FE2543D001DF378 /* InteractivePopVC.m in Sources */,
				D25E76C71FDFD2E000D23D38 /* BaseVC.m in Sources */,
				D2FF8ED61FE1025C003AFADA /* InteractiveDismissVC.m in Sources */,
				D25E76761FDE6BC200D23D38 /* AppDelegate.m in Sources */,
				D2FF8ECC1FE0F540003AFADA /* NavControllerDelegate.m in Sources */,
				D25E76731FDE6BC200D23D38 /* main.m in Sources */,
				D233A2541FE0BE8A004C8C7D /* UnInteractivePresentVC.m in Sources */,
				D233A25C1FE0BE8A004C8C7D /* UnInteractiveTabBarVC.m in Sources */,
				D233A2591FE0BE8A004C8C7D /* UnInteractivePushVC.m in Sources */,
				D2FE6DA51FE253EA001DF378 /* InteractivePushVC.m in Sources */,
				D2FE6FDC1FE504F500D7B1FC /* CustomTransitionAnimation.m in Sources */,
				D2FF8EDB1FE11991003AFADA /* GestureInteractiveTransition.m in Sources */,
				D2FED01E1FE395A3004F6DB3 /* VCTransitioningDelegate.m in Sources */,
			);
			runOnlyForDeploymentPostprocessing = 0;
		};
		D25E76831FDE6BC200D23D38 /* Sources */ = {
			isa = PBXSourcesBuildPhase;
			buildActionMask = 2147483647;
			files = (
				D25E768C1FDE6BC200D23D38 /* UIViewControllerTransitioningTests.m in Sources */,
			);
			runOnlyForDeploymentPostprocessing = 0;
		};
		D25E768E1FDE6BC200D23D38 /* Sources */ = {
			isa = PBXSourcesBuildPhase;
			buildActionMask = 2147483647;
			files = (
				D25E76971FDE6BC200D23D38 /* UIViewControllerTransitioningUITests.m in Sources */,
			);
			runOnlyForDeploymentPostprocessing = 0;
		};
/* End PBXSourcesBuildPhase section */

/* Begin PBXTargetDependency section */
		D25E76891FDE6BC200D23D38 /* PBXTargetDependency */ = {
			isa = PBXTargetDependency;
			target = D25E766D1FDE6BC200D23D38 /* UIViewControllerTransitioning */;
			targetProxy = D25E76881FDE6BC200D23D38 /* PBXContainerItemProxy */;
		};
		D25E76941FDE6BC200D23D38 /* PBXTargetDependency */ = {
			isa = PBXTargetDependency;
			target = D25E766D1FDE6BC200D23D38 /* UIViewControllerTransitioning */;
			targetProxy = D25E76931FDE6BC200D23D38 /* PBXContainerItemProxy */;
		};
/* End PBXTargetDependency section */

/* Begin PBXVariantGroup section */
		D25E767A1FDE6BC200D23D38 /* Main.storyboard */ = {
			isa = PBXVariantGroup;
			children = (
				D25E767B1FDE6BC200D23D38 /* Base */,
			);
			name = Main.storyboard;
			sourceTree = "<group>";
		};
		D25E767F1FDE6BC200D23D38 /* LaunchScreen.storyboard */ = {
			isa = PBXVariantGroup;
			children = (
				D25E76801FDE6BC200D23D38 /* Base */,
			);
			name = LaunchScreen.storyboard;
			sourceTree = "<group>";
		};
/* End PBXVariantGroup section */

/* Begin XCBuildConfiguration section */
		D25E76991FDE6BC200D23D38 /* Debug */ = {
			isa = XCBuildConfiguration;
			buildSettings = {
				ALWAYS_SEARCH_USER_PATHS = NO;
				CLANG_ANALYZER_NONNULL = YES;
				CLANG_ANALYZER_NUMBER_OBJECT_CONVERSION = YES_AGGRESSIVE;
				CLANG_CXX_LANGUAGE_STANDARD = "gnu++0x";
				CLANG_CXX_LIBRARY = "libc++";
				CLANG_ENABLE_MODULES = YES;
				CLANG_ENABLE_OBJC_ARC = YES;
				CLANG_WARN_BOOL_CONVERSION = YES;
				CLANG_WARN_CONSTANT_CONVERSION = YES;
				CLANG_WARN_DIRECT_OBJC_ISA_USAGE = YES_ERROR;
				CLANG_WARN_DOCUMENTATION_COMMENTS = YES;
				CLANG_WARN_EMPTY_BODY = YES;
				CLANG_WARN_ENUM_CONVERSION = YES;
				CLANG_WARN_INFINITE_RECURSION = YES;
				CLANG_WARN_INT_CONVERSION = YES;
				CLANG_WARN_OBJC_ROOT_CLASS = YES_ERROR;
				CLANG_WARN_SUSPICIOUS_MOVE = YES;
				CLANG_WARN_UNREACHABLE_CODE = YES;
				CLANG_WARN__DUPLICATE_METHOD_MATCH = YES;
				"CODE_SIGN_IDENTITY[sdk=iphoneos*]" = "iPhone Developer";
				COPY_PHASE_STRIP = NO;
				DEBUG_INFORMATION_FORMAT = dwarf;
				ENABLE_STRICT_OBJC_MSGSEND = YES;
				ENABLE_TESTABILITY = YES;
				GCC_C_LANGUAGE_STANDARD = gnu99;
				GCC_DYNAMIC_NO_PIC = NO;
				GCC_NO_COMMON_BLOCKS = YES;
				GCC_OPTIMIZATION_LEVEL = 0;
				GCC_PREPROCESSOR_DEFINITIONS = (
					"DEBUG=1",
					"$(inherited)",
				);
				GCC_WARN_64_TO_32_BIT_CONVERSION = YES;
				GCC_WARN_ABOUT_RETURN_TYPE = YES_ERROR;
				GCC_WARN_UNDECLARED_SELECTOR = YES;
				GCC_WARN_UNINITIALIZED_AUTOS = YES_AGGRESSIVE;
				GCC_WARN_UNUSED_FUNCTION = YES;
				GCC_WARN_UNUSED_VARIABLE = YES;
				IPHONEOS_DEPLOYMENT_TARGET = 10.3;
				MTL_ENABLE_DEBUG_INFO = YES;
				ONLY_ACTIVE_ARCH = YES;
				SDKROOT = iphoneos;
			};
			name = Debug;
		};
		D25E769A1FDE6BC200D23D38 /* Release */ = {
			isa = XCBuildConfiguration;
			buildSettings = {
				ALWAYS_SEARCH_USER_PATHS = NO;
				CLANG_ANALYZER_NONNULL = YES;
				CLANG_ANALYZER_NUMBER_OBJECT_CONVERSION = YES_AGGRESSIVE;
				CLANG_CXX_LANGUAGE_STANDARD = "gnu++0x";
				CLANG_CXX_LIBRARY = "libc++";
				CLANG_ENABLE_MODULES = YES;
				CLANG_ENABLE_OBJC_ARC = YES;
				CLANG_WARN_BOOL_CONVERSION = YES;
				CLANG_WARN_CONSTANT_CONVERSION = YES;
				CLANG_WARN_DIRECT_OBJC_ISA_USAGE = YES_ERROR;
				CLANG_WARN_DOCUMENTATION_COMMENTS = YES;
				CLANG_WARN_EMPTY_BODY = YES;
				CLANG_WARN_ENUM_CONVERSION = YES;
				CLANG_WARN_INFINITE_RECURSION = YES;
				CLANG_WARN_INT_CONVERSION = YES;
				CLANG_WARN_OBJC_ROOT_CLASS = YES_ERROR;
				CLANG_WARN_SUSPICIOUS_MOVE = YES;
				CLANG_WARN_UNREACHABLE_CODE = YES;
				CLANG_WARN__DUPLICATE_METHOD_MATCH = YES;
				"CODE_SIGN_IDENTITY[sdk=iphoneos*]" = "iPhone Developer";
				COPY_PHASE_STRIP = NO;
				DEBUG_INFORMATION_FORMAT = "dwarf-with-dsym";
				ENABLE_NS_ASSERTIONS = NO;
				ENABLE_STRICT_OBJC_MSGSEND = YES;
				GCC_C_LANGUAGE_STANDARD = gnu99;
				GCC_NO_COMMON_BLOCKS = YES;
				GCC_WARN_64_TO_32_BIT_CONVERSION = YES;
				GCC_WARN_ABOUT_RETURN_TYPE = YES_ERROR;
				GCC_WARN_UNDECLARED_SELECTOR = YES;
				GCC_WARN_UNINITIALIZED_AUTOS = YES_AGGRESSIVE;
				GCC_WARN_UNUSED_FUNCTION = YES;
				GCC_WARN_UNUSED_VARIABLE = YES;
				IPHONEOS_DEPLOYMENT_TARGET = 10.3;
				MTL_ENABLE_DEBUG_INFO = NO;
				SDKROOT = iphoneos;
				VALIDATE_PRODUCT = YES;
			};
			name = Release;
		};
		D25E769C1FDE6BC200D23D38 /* Debug */ = {
			isa = XCBuildConfiguration;
			buildSettings = {
				ASSETCATALOG_COMPILER_APPICON_NAME = AppIcon;
				INFOPLIST_FILE = UIViewControllerTransitioning/Info.plist;
				LD_RUNPATH_SEARCH_PATHS = "$(inherited) @executable_path/Frameworks";
				PRODUCT_BUNDLE_IDENTIFIER = com.du.UIViewControllerTransitioning;
				PRODUCT_NAME = "$(TARGET_NAME)";
			};
			name = Debug;
		};
		D25E769D1FDE6BC200D23D38 /* Release */ = {
			isa = XCBuildConfiguration;
			buildSettings = {
				ASSETCATALOG_COMPILER_APPICON_NAME = AppIcon;
				INFOPLIST_FILE = UIViewControllerTransitioning/Info.plist;
				LD_RUNPATH_SEARCH_PATHS = "$(inherited) @executable_path/Frameworks";
				PRODUCT_BUNDLE_IDENTIFIER = com.du.UIViewControllerTransitioning;
				PRODUCT_NAME = "$(TARGET_NAME)";
			};
			name = Release;
		};
		D25E769F1FDE6BC200D23D38 /* Debug */ = {
			isa = XCBuildConfiguration;
			buildSettings = {
				BUNDLE_LOADER = "$(TEST_HOST)";
				INFOPLIST_FILE = UIViewControllerTransitioningTests/Info.plist;
				LD_RUNPATH_SEARCH_PATHS = "$(inherited) @executable_path/Frameworks @loader_path/Frameworks";
				PRODUCT_BUNDLE_IDENTIFIER = com.du.UIViewControllerTransitioningTests;
				PRODUCT_NAME = "$(TARGET_NAME)";
				TEST_HOST = "$(BUILT_PRODUCTS_DIR)/UIViewControllerTransitioning.app/UIViewControllerTransitioning";
			};
			name = Debug;
		};
		D25E76A01FDE6BC200D23D38 /* Release */ = {
			isa = XCBuildConfiguration;
			buildSettings = {
				BUNDLE_LOADER = "$(TEST_HOST)";
				INFOPLIST_FILE = UIViewControllerTransitioningTests/Info.plist;
				LD_RUNPATH_SEARCH_PATHS = "$(inherited) @executable_path/Frameworks @loader_path/Frameworks";
				PRODUCT_BUNDLE_IDENTIFIER = com.du.UIViewControllerTransitioningTests;
				PRODUCT_NAME = "$(TARGET_NAME)";
				TEST_HOST = "$(BUILT_PRODUCTS_DIR)/UIViewControllerTransitioning.app/UIViewControllerTransitioning";
			};
			name = Release;
		};
		D25E76A21FDE6BC200D23D38 /* Debug */ = {
			isa = XCBuildConfiguration;
			buildSettings = {
				INFOPLIST_FILE = UIViewControllerTransitioningUITests/Info.plist;
				LD_RUNPATH_SEARCH_PATHS = "$(inherited) @executable_path/Frameworks @loader_path/Frameworks";
				PRODUCT_BUNDLE_IDENTIFIER = com.du.UIViewControllerTransitioningUITests;
				PRODUCT_NAME = "$(TARGET_NAME)";
				TEST_TARGET_NAME = UIViewControllerTransitioning;
			};
			name = Debug;
		};
		D25E76A31FDE6BC200D23D38 /* Release */ = {
			isa = XCBuildConfiguration;
			buildSettings = {
				INFOPLIST_FILE = UIViewControllerTransitioningUITests/Info.plist;
				LD_RUNPATH_SEARCH_PATHS = "$(inherited) @executable_path/Frameworks @loader_path/Frameworks";
				PRODUCT_BUNDLE_IDENTIFIER = com.du.UIViewControllerTransitioningUITests;
				PRODUCT_NAME = "$(TARGET_NAME)";
				TEST_TARGET_NAME = UIViewControllerTransitioning;
			};
			name = Release;
		};
/* End XCBuildConfiguration section */

/* Begin XCConfigurationList section */
		D25E76691FDE6BC200D23D38 /* Build configuration list for PBXProject "UIViewControllerTransitioning" */ = {
			isa = XCConfigurationList;
			buildConfigurations = (
				D25E76991FDE6BC200D23D38 /* Debug */,
				D25E769A1FDE6BC200D23D38 /* Release */,
			);
			defaultConfigurationIsVisible = 0;
			defaultConfigurationName = Release;
		};
		D25E769B1FDE6BC200D23D38 /* Build configuration list for PBXNativeTarget "UIViewControllerTransitioning" */ = {
			isa = XCConfigurationList;
			buildConfigurations = (
				D25E769C1FDE6BC200D23D38 /* Debug */,
				D25E769D1FDE6BC200D23D38 /* Release */,
			);
			defaultConfigurationIsVisible = 0;
			defaultConfigurationName = Release;
		};
		D25E769E1FDE6BC200D23D38 /* Build configuration list for PBXNativeTarget "UIViewControllerTransitioningTests" */ = {
			isa = XCConfigurationList;
			buildConfigurations = (
				D25E769F1FDE6BC200D23D38 /* Debug */,
				D25E76A01FDE6BC200D23D38 /* Release */,
			);
			defaultConfigurationIsVisible = 0;
			defaultConfigurationName = Release;
		};
		D25E76A11FDE6BC200D23D38 /* Build configuration list for PBXNativeTarget "UIViewControllerTransitioningUITests" */ = {
			isa = XCConfigurationList;
			buildConfigurations = (
				D25E76A21FDE6BC200D23D38 /* Debug */,
				D25E76A31FDE6BC200D23D38 /* Release */,
			);
			defaultConfigurationIsVisible = 0;
			defaultConfigurationName = Release;
		};
/* End XCConfigurationList section */
	};
	rootObject = D25E76661FDE6BC200D23D38 /* Project object */;
}
